# THIS IS AN AUTOGENERATED FILE. DO NOT EDIT THIS FILE DIRECTLY.
# yarn lockfile v1


"@emmetio/abbreviation@^2.3.3":
  version "2.3.3"
  resolved "https://registry.npmjs.org/@emmetio/abbreviation/-/abbreviation-2.3.3.tgz#ed2b88fe37b972292d6026c7c540aaf887cecb6e"
  integrity sha512-mgv58UrU3rh4YgbE/TzgLQwJ3pFsHHhCLqY20aJq+9comytTXUDNGG/SMtSeMJdkpxgXSXunBGLD8Boka3JyVA==
  dependencies:
    "@emmetio/scanner" "^1.0.4"

"@emmetio/css-abbreviation@^2.1.8":
  version "2.1.8"
  resolved "https://registry.npmjs.org/@emmetio/css-abbreviation/-/css-abbreviation-2.1.8.tgz#b785313486eba6cb7eb623ad39378c4e1063dc00"
  integrity sha512-s9yjhJ6saOO/uk1V74eifykk2CBYi01STTK3WlXWGOepyKa23ymJ053+DNQjpFcy1ingpaO7AxCcwLvHFY9tuw==
  dependencies:
    "@emmetio/scanner" "^1.0.4"

"@emmetio/scanner@^1.0.4":
  version "1.0.4"
  resolved "https://registry.npmjs.org/@emmetio/scanner/-/scanner-1.0.4.tgz#e9cdc67194fd91f8b7eb141014be4f2d086c15f1"
  integrity sha512-IqRuJtQff7YHHBk4G8YZ45uB9BaAGcwQeVzgj/zj8/UdOhtQpEIupUhSk8dys6spFIWVZVeK20CzGEnqR5SbqA==

"@esbuild/android-arm64@0.19.8":
  version "0.19.8"
  resolved "https://registry.yarnpkg.com/@esbuild/android-arm64/-/android-arm64-0.19.8.tgz#fb7130103835b6d43ea499c3f30cfb2b2ed58456"
  integrity sha512-B8JbS61bEunhfx8kasogFENgQfr/dIp+ggYXwTqdbMAgGDhRa3AaPpQMuQU0rNxDLECj6FhDzk1cF9WHMVwrtA==

"@esbuild/android-arm@0.19.8":
  version "0.19.8"
  resolved "https://registry.yarnpkg.com/@esbuild/android-arm/-/android-arm-0.19.8.tgz#b46e4d9e984e6d6db6c4224d72c86b7757e35bcb"
  integrity sha512-31E2lxlGM1KEfivQl8Yf5aYU/mflz9g06H6S15ITUFQueMFtFjESRMoDSkvMo8thYvLBax+VKTPlpnx+sPicOA==

"@esbuild/android-x64@0.19.8":
  version "0.19.8"
  resolved "https://registry.yarnpkg.com/@esbuild/android-x64/-/android-x64-0.19.8.tgz#a13db9441b5a4f4e4fec4a6f8ffacfea07888db7"
  integrity sha512-rdqqYfRIn4jWOp+lzQttYMa2Xar3OK9Yt2fhOhzFXqg0rVWEfSclJvZq5fZslnz6ypHvVf3CT7qyf0A5pM682A==

"@esbuild/darwin-arm64@0.19.8":
  version "0.19.8"
  resolved "https://registry.yarnpkg.com/@esbuild/darwin-arm64/-/darwin-arm64-0.19.8.tgz#49f5718d36541f40dd62bfdf84da9c65168a0fc2"
  integrity sha512-RQw9DemMbIq35Bprbboyf8SmOr4UXsRVxJ97LgB55VKKeJOOdvsIPy0nFyF2l8U+h4PtBx/1kRf0BelOYCiQcw==

"@esbuild/darwin-x64@0.19.8":
  version "0.19.8"
  resolved "https://registry.yarnpkg.com/@esbuild/darwin-x64/-/darwin-x64-0.19.8.tgz#75c5c88371eea4bfc1f9ecfd0e75104c74a481ac"
  integrity sha512-3sur80OT9YdeZwIVgERAysAbwncom7b4bCI2XKLjMfPymTud7e/oY4y+ci1XVp5TfQp/bppn7xLw1n/oSQY3/Q==

"@esbuild/freebsd-arm64@0.19.8":
  version "0.19.8"
  resolved "https://registry.yarnpkg.com/@esbuild/freebsd-arm64/-/freebsd-arm64-0.19.8.tgz#9d7259fea4fd2b5f7437b52b542816e89d7c8575"
  integrity sha512-WAnPJSDattvS/XtPCTj1tPoTxERjcTpH6HsMr6ujTT+X6rylVe8ggxk8pVxzf5U1wh5sPODpawNicF5ta/9Tmw==

"@esbuild/freebsd-x64@0.19.8":
  version "0.19.8"
  resolved "https://registry.yarnpkg.com/@esbuild/freebsd-x64/-/freebsd-x64-0.19.8.tgz#abac03e1c4c7c75ee8add6d76ec592f46dbb39e3"
  integrity sha512-ICvZyOplIjmmhjd6mxi+zxSdpPTKFfyPPQMQTK/w+8eNK6WV01AjIztJALDtwNNfFhfZLux0tZLC+U9nSyA5Zg==

"@esbuild/linux-arm64@0.19.8":
  version "0.19.8"
  resolved "https://registry.yarnpkg.com/@esbuild/linux-arm64/-/linux-arm64-0.19.8.tgz#c577932cf4feeaa43cb9cec27b89cbe0df7d9098"
  integrity sha512-z1zMZivxDLHWnyGOctT9JP70h0beY54xDDDJt4VpTX+iwA77IFsE1vCXWmprajJGa+ZYSqkSbRQ4eyLCpCmiCQ==

"@esbuild/linux-arm@0.19.8":
  version "0.19.8"
  resolved "https://registry.yarnpkg.com/@esbuild/linux-arm/-/linux-arm-0.19.8.tgz#d6014d8b98b5cbc96b95dad3d14d75bb364fdc0f"
  integrity sha512-H4vmI5PYqSvosPaTJuEppU9oz1dq2A7Mr2vyg5TF9Ga+3+MGgBdGzcyBP7qK9MrwFQZlvNyJrvz6GuCaj3OukQ==

"@esbuild/linux-ia32@0.19.8":
  version "0.19.8"
  resolved "https://registry.yarnpkg.com/@esbuild/linux-ia32/-/linux-ia32-0.19.8.tgz#2379a0554307d19ac4a6cdc15b08f0ea28e7a40d"
  integrity sha512-1a8suQiFJmZz1khm/rDglOc8lavtzEMRo0v6WhPgxkrjcU0LkHj+TwBrALwoz/OtMExvsqbbMI0ChyelKabSvQ==

"@esbuild/linux-loong64@0.19.8":
  version "0.19.8"
  resolved "https://registry.yarnpkg.com/@esbuild/linux-loong64/-/linux-loong64-0.19.8.tgz#e2a5bbffe15748b49356a6cd7b2d5bf60c5a7123"
  integrity sha512-fHZWS2JJxnXt1uYJsDv9+b60WCc2RlvVAy1F76qOLtXRO+H4mjt3Tr6MJ5l7Q78X8KgCFudnTuiQRBhULUyBKQ==

"@esbuild/linux-mips64el@0.19.8":
  version "0.19.8"
  resolved "https://registry.yarnpkg.com/@esbuild/linux-mips64el/-/linux-mips64el-0.19.8.tgz#1359331e6f6214f26f4b08db9b9df661c57cfa24"
  integrity sha512-Wy/z0EL5qZYLX66dVnEg9riiwls5IYnziwuju2oUiuxVc+/edvqXa04qNtbrs0Ukatg5HEzqT94Zs7J207dN5Q==

"@esbuild/linux-ppc64@0.19.8":
  version "0.19.8"
  resolved "https://registry.yarnpkg.com/@esbuild/linux-ppc64/-/linux-ppc64-0.19.8.tgz#9ba436addc1646dc89dae48c62d3e951ffe70951"
  integrity sha512-ETaW6245wK23YIEufhMQ3HSeHO7NgsLx8gygBVldRHKhOlD1oNeNy/P67mIh1zPn2Hr2HLieQrt6tWrVwuqrxg==

"@esbuild/linux-riscv64@0.19.8":
  version "0.19.8"
  resolved "https://registry.yarnpkg.com/@esbuild/linux-riscv64/-/linux-riscv64-0.19.8.tgz#fbcf0c3a0b20f40b5fc31c3b7695f0769f9de66b"
  integrity sha512-T2DRQk55SgoleTP+DtPlMrxi/5r9AeFgkhkZ/B0ap99zmxtxdOixOMI570VjdRCs9pE4Wdkz7JYrsPvsl7eESg==

"@esbuild/linux-s390x@0.19.8":
  version "0.19.8"
  resolved "https://registry.yarnpkg.com/@esbuild/linux-s390x/-/linux-s390x-0.19.8.tgz#989e8a05f7792d139d5564ffa7ff898ac6f20a4a"
  integrity sha512-NPxbdmmo3Bk7mbNeHmcCd7R7fptJaczPYBaELk6NcXxy7HLNyWwCyDJ/Xx+/YcNH7Im5dHdx9gZ5xIwyliQCbg==

"@esbuild/linux-x64@0.19.8":
  version "0.19.8"
  resolved "https://registry.yarnpkg.com/@esbuild/linux-x64/-/linux-x64-0.19.8.tgz#b187295393a59323397fe5ff51e769ec4e72212b"
  integrity sha512-lytMAVOM3b1gPypL2TRmZ5rnXl7+6IIk8uB3eLsV1JwcizuolblXRrc5ShPrO9ls/b+RTp+E6gbsuLWHWi2zGg==

"@esbuild/netbsd-x64@0.19.8":
  version "0.19.8"
  resolved "https://registry.yarnpkg.com/@esbuild/netbsd-x64/-/netbsd-x64-0.19.8.tgz#c1ec0e24ea82313cb1c7bae176bd5acd5bde7137"
  integrity sha512-hvWVo2VsXz/8NVt1UhLzxwAfo5sioj92uo0bCfLibB0xlOmimU/DeAEsQILlBQvkhrGjamP0/el5HU76HAitGw==

"@esbuild/openbsd-x64@0.19.8":
  version "0.19.8"
  resolved "https://registry.yarnpkg.com/@esbuild/openbsd-x64/-/openbsd-x64-0.19.8.tgz#0c5b696ac66c6d70cf9ee17073a581a28af9e18d"
  integrity sha512-/7Y7u77rdvmGTxR83PgaSvSBJCC2L3Kb1M/+dmSIvRvQPXXCuC97QAwMugBNG0yGcbEGfFBH7ojPzAOxfGNkwQ==

"@esbuild/sunos-x64@0.19.8":
  version "0.19.8"
  resolved "https://registry.yarnpkg.com/@esbuild/sunos-x64/-/sunos-x64-0.19.8.tgz#2a697e1f77926ff09fcc457d8f29916d6cd48fb1"
  integrity sha512-9Lc4s7Oi98GqFA4HzA/W2JHIYfnXbUYgekUP/Sm4BG9sfLjyv6GKKHKKVs83SMicBF2JwAX6A1PuOLMqpD001w==

"@esbuild/win32-arm64@0.19.8":
  version "0.19.8"
  resolved "https://registry.yarnpkg.com/@esbuild/win32-arm64/-/win32-arm64-0.19.8.tgz#ec029e62a2fca8c071842ecb1bc5c2dd20b066f1"
  integrity sha512-rq6WzBGjSzihI9deW3fC2Gqiak68+b7qo5/3kmB6Gvbh/NYPA0sJhrnp7wgV4bNwjqM+R2AApXGxMO7ZoGhIJg==

"@esbuild/win32-ia32@0.19.8":
  version "0.19.8"
  resolved "https://registry.yarnpkg.com/@esbuild/win32-ia32/-/win32-ia32-0.19.8.tgz#cbb9a3146bde64dc15543e48afe418c7a3214851"
  integrity sha512-AIAbverbg5jMvJznYiGhrd3sumfwWs8572mIJL5NQjJa06P8KfCPWZQ0NwZbPQnbQi9OWSZhFVSUWjjIrn4hSw==

"@esbuild/win32-x64@0.19.8":
  version "0.19.8"
  resolved "https://registry.yarnpkg.com/@esbuild/win32-x64/-/win32-x64-0.19.8.tgz#c8285183dbdb17008578dbacb6e22748709b4822"
  integrity sha512-bfZ0cQ1uZs2PqpulNL5j/3w+GDhP36k1K5c38QdQg+Swy51jFZWWeIkteNsufkQxp986wnqRRsb/bHbY1WQ7TA==

"@styled/typescript-styled-plugin@1.0.1":
  version "1.0.1"
  resolved "https://registry.npmjs.org/@styled/typescript-styled-plugin/-/typescript-styled-plugin-1.0.1.tgz#b341e97c2d043275a2fe292cf55980339219b7e1"
  integrity sha512-4n9uYJiui4hqGIEMvs/u7sfjbs1/84shYt2Fxcm0JQbvUGfuFhtsqVG5y1hSvw5kTwdpIe4rbXMMOwVHcuAh1g==
  dependencies:
    "@vscode/emmet-helper" "^2.9.2"
    typescript-template-language-service-decorator "^2.3.2"
    vscode-css-languageservice "^6.2.11"
    vscode-languageserver-textdocument "^1.0.11"
    vscode-languageserver-types "^3.17.5"

"@vscode/emmet-helper@^2.9.2":
  version "2.9.2"
  resolved "https://registry.npmjs.org/@vscode/emmet-helper/-/emmet-helper-2.9.2.tgz#cd5d1e64e7138ad76300e8cba5fd84f1c03e13ee"
  integrity sha512-MaGuyW+fa13q3aYsluKqclmh62Hgp0BpKIqS66fCxfOaBcVQ1OnMQxRRgQUYnCkxFISAQlkJ0qWWPyXjro1Qrg==
  dependencies:
    emmet "^2.4.3"
    jsonc-parser "^2.3.0"
    vscode-languageserver-textdocument "^1.0.1"
    vscode-languageserver-types "^3.15.1"
    vscode-uri "^2.1.2"

"@vscode/l10n@^0.0.16":
  version "0.0.16"
  resolved "https://registry.npmjs.org/@vscode/l10n/-/l10n-0.0.16.tgz#f075db346d0b08419a12540171b230bd803c42be"
  integrity sha512-JT5CvrIYYCrmB+dCana8sUqJEcGB1ZDXNLMQ2+42bW995WmNoenijWMUdZfwmuQUTQcEVVIa2OecZzTYWUW9Cg==

coc.nvim@^0.0.82:
  version "0.0.82"
  resolved "https://registry.yarnpkg.com/coc.nvim/-/coc.nvim-0.0.82.tgz#5230e2eb17e8499a60a97b46d844f2d08c593b29"
  integrity sha512-+70ap6FH8FSdaQ0CPijaasQzg6ue84j4/LkX6ZSpALX7YKBcGGDkCcd6adgaC/86b/ZqT3iTTEbMh3mdaI5qPA==

emmet@^2.4.3:
  version "2.4.6"
  resolved "https://registry.npmjs.org/emmet/-/emmet-2.4.6.tgz#f975094fb0fb5d2e78a7c94a65c308bdfd6436aa"
  integrity sha512-dJfbdY/hfeTyf/Ef7Y7ubLYzkBvPQ912wPaeVYpAxvFxkEBf/+hJu4H6vhAvFN6HlxqedlfVn2x1S44FfQ97pg==
  dependencies:
    "@emmetio/abbreviation" "^2.3.3"
    "@emmetio/css-abbreviation" "^2.1.8"

esbuild@^0.19.2:
  version "0.19.8"
  resolved "https://registry.yarnpkg.com/esbuild/-/esbuild-0.19.8.tgz#ad05b72281d84483fa6b5345bd246c27a207b8f1"
  integrity sha512-l7iffQpT2OrZfH2rXIp7/FkmaeZM0vxbxN9KfiCwGYuZqzMg/JdvX26R31Zxn/Pxvsrg3Y9N6XTcnknqDyyv4w==
  optionalDependencies:
    "@esbuild/android-arm" "0.19.8"
    "@esbuild/android-arm64" "0.19.8"
    "@esbuild/android-x64" "0.19.8"
    "@esbuild/darwin-arm64" "0.19.8"
    "@esbuild/darwin-x64" "0.19.8"
    "@esbuild/freebsd-arm64" "0.19.8"
    "@esbuild/freebsd-x64" "0.19.8"
    "@esbuild/linux-arm" "0.19.8"
    "@esbuild/linux-arm64" "0.19.8"
    "@esbuild/linux-ia32" "0.19.8"
    "@esbuild/linux-loong64" "0.19.8"
    "@esbuild/linux-mips64el" "0.19.8"
    "@esbuild/linux-ppc64" "0.19.8"
    "@esbuild/linux-riscv64" "0.19.8"
    "@esbuild/linux-s390x" "0.19.8"
    "@esbuild/linux-x64" "0.19.8"
    "@esbuild/netbsd-x64" "0.19.8"
    "@esbuild/openbsd-x64" "0.19.8"
    "@esbuild/sunos-x64" "0.19.8"
    "@esbuild/win32-arm64" "0.19.8"
    "@esbuild/win32-ia32" "0.19.8"
    "@esbuild/win32-x64" "0.19.8"

jsonc-parser@^2.3.0:
  version "2.3.1"
  resolved "https://registry.yarnpkg.com/jsonc-parser/-/jsonc-parser-2.3.1.tgz#59549150b133f2efacca48fe9ce1ec0659af2342"
  integrity sha512-H8jvkz1O50L3dMZCsLqiuB2tA7muqbSg1AtGEkN0leAqGjsUzDJir3Zwr02BhqdcITPg3ei3mZ+HjMocAknhhg==

typescript-template-language-service-decorator@^2.3.2:
  version "2.3.2"
  resolved "https://registry.yarnpkg.com/typescript-template-language-service-decorator/-/typescript-template-language-service-decorator-2.3.2.tgz#095c1b5ea88c839d9b202fad3ec8c87c1b062953"
  integrity sha512-hN0zNkr5luPCeXTlXKxsfBPlkAzx86ZRM1vPdL7DbEqqWoeXSxplACy98NpKpLmXsdq7iePUzAXloCAoPKBV6A==

typescript@^4.1.2:
  version "4.9.5"
  resolved "https://registry.yarnpkg.com/typescript/-/typescript-4.9.5.tgz#095979f9bcc0d09da324d58d03ce8f8374cbe65a"
  integrity sha512-1FXk9E2Hm+QzZQ7z+McJiHL4NW1F2EzMu9Nq9i3zAaGqibafqYwCVU6WyWAuyQRRzOlxou8xZSyXLEN8oKj24g==

vscode-css-languageservice@^6.2.11:
  version "6.2.11"
  resolved "https://registry.npmjs.org/vscode-css-languageservice/-/vscode-css-languageservice-6.2.11.tgz#40de8b34adb6d68ee96795ffb34e34d99fc26801"
  integrity sha512-qn49Wa6K94LnizpVxmlYrcPf1Cb36gq1nNueW0COhi4shylXBzET5wuDbH8ZWQlJD0HM5Mmnn7WE9vQVVs+ULA==
  dependencies:
    "@vscode/l10n" "^0.0.16"
    vscode-languageserver-textdocument "^1.0.11"
    vscode-languageserver-types "3.17.5"
    vscode-uri "^3.0.8"

vscode-languageserver-textdocument@^1.0.1:
  version "1.0.1"
  resolved "https://registry.yarnpkg.com/vscode-languageserver-textdocument/-/vscode-languageserver-textdocument-1.0.1.tgz#178168e87efad6171b372add1dea34f53e5d330f"
  integrity sha512-UIcJDjX7IFkck7cSkNNyzIz5FyvpQfY7sdzVy+wkKN/BLaD4DQ0ppXQrKePomCxTS7RrolK1I0pey0bG9eh8dA==

vscode-languageserver-textdocument@^1.0.11:
  version "1.0.11"
  resolved "https://registry.npmjs.org/vscode-languageserver-textdocument/-/vscode-languageserver-textdocument-1.0.11.tgz#0822a000e7d4dc083312580d7575fe9e3ba2e2bf"
  integrity sha512-X+8T3GoiwTVlJbicx/sIAF+yuJAqz8VvwJyoMVhwEMoEKE/fkDmrqUgDMyBECcM2A2frVZIUj5HI/ErRXCfOeA==

vscode-languageserver-types@3.17.5, vscode-languageserver-types@^3.17.5:
  version "3.17.5"
  resolved "https://registry.npmjs.org/vscode-languageserver-types/-/vscode-languageserver-types-3.17.5.tgz#3273676f0cf2eab40b3f44d085acbb7f08a39d8a"
  integrity sha512-Ld1VelNuX9pdF39h2Hgaeb5hEZM2Z3jUrrMgWQAu82jMtZp7p3vJT3BzToKtZI7NgQssZje5o0zryOrhQvzQAg==

vscode-languageserver-types@^3.15.1:
  version "3.16.0"
  resolved "https://registry.yarnpkg.com/vscode-languageserver-types/-/vscode-languageserver-types-3.16.0.tgz#ecf393fc121ec6974b2da3efb3155644c514e247"
  integrity sha512-k8luDIWJWyenLc5ToFQQMaSrqCHiLwyKPHKPQZ5zz21vM+vIVUSvsRpcbiECH4WR88K2XZqc4ScRcZ7nk/jbeA==

vscode-uri@^2.1.2:
  version "2.1.2"
  resolved "https://registry.yarnpkg.com/vscode-uri/-/vscode-uri-2.1.2.tgz#c8d40de93eb57af31f3c715dd650e2ca2c096f1c"
  integrity sha512-8TEXQxlldWAuIODdukIb+TR5s+9Ds40eSJrw+1iDDA9IFORPjMELarNQE3myz5XIkWWpdprmJjm1/SxMlWOC8A==

vscode-uri@^3.0.8:
  version "3.0.8"
  resolved "https://registry.npmjs.org/vscode-uri/-/vscode-uri-3.0.8.tgz#1770938d3e72588659a172d0fd4642780083ff9f"
  integrity sha512-AyFQ0EVmsOZOlAnxoFOGOq1SQDWAB7C6aqMGS23svWAllfOaxbuFvcT8D1i8z3Gyn8fraVeZNNmN6e9bxxXkKw==
